
Microsoft Visual Studio Solution File, Format Version 12.00
# Visual Studio Version 16
VisualStudioVersion = 16.0.32413.511
MinimumVisualStudioVersion = 10.0.40219.1
Project("{9A19103F-16F7-4668-BE54-9A1E7A4F7556}") = "Learning Diary IK", "Learning Diary IK\Learning Diary IK.csproj", "{8D3524C1-442C-427B-82DC-C06A9358E8DF}"
EndProject
Project("{9A19103F-16F7-4668-BE54-9A1E7A4F7556}") = "8.6 Shoppinglist", "..\..\8.6 Shoppinglist\8.6 Shoppinglist\8.6 Shoppinglist.csproj", "{21CE9545-F2E1-466C-823B-3AE45883A6B9}"
EndProject
Project("{9A19103F-16F7-4668-BE54-9A1E7A4F7556}") = "Enum", "Enum\Enum.csproj", "{16AA91A4-433B-4BE7-B286-DB6E29C9A07D}"
EndProject
Project("{9A19103F-16F7-4668-BE54-9A1E7A4F7556}") = "Collections ja GRUD", "..\..\Collections ja GRUD\Collections ja GRUD\Collections ja GRUD.csproj", "{8BF57EF2-D210-4D41-B353-94EFCDF7112C}"
EndProject
Project("{9A19103F-16F7-4668-BE54-9A1E7A4F7556}") = "datetimecompare", "datetimecompare\datetimecompare.csproj", "{3077D687-F71A-4200-9391-71042EC34543}"
EndProject
Project("{9A19103F-16F7-4668-BE54-9A1E7A4F7556}") = "Rest_API", "..\..\w5\Rest_API\Rest_API.csproj", "{327B1BD3-9E35-4455-844A-6BA7C8A3501B}"
EndProject
Project("{9A19103F-16F7-4668-BE54-9A1E7A4F7556}") = "W5_Projectwork", "..\..\Projectwork\W5_Projectwork\W5_Projectwork.csproj", "{675A167D-F9AD-4CD9-9A53-A3FDCA3C3BC3}"
EndProject
Global
	GlobalSection(SolutionConfigurationPlatforms) = preSolution
		Debug|Any CPU = Debug|Any CPU
		Release|Any CPU = Release|Any CPU
	EndGlobalSection
	GlobalSection(ProjectConfigurationPlatforms) = postSolution
		{8D3524C1-442C-427B-82DC-C06A9358E8DF}.Debug|Any CPU.ActiveCfg = Debug|Any CPU
		{8D3524C1-442C-427B-82DC-C06A9358E8DF}.Debug|Any CPU.Build.0 = Debug|Any CPU
		{8D3524C1-442C-427B-82DC-C06A9358E8DF}.Release|Any CPU.ActiveCfg = Release|Any CPU
		{8D3524C1-442C-427B-82DC-C06A9358E8DF}.Release|Any CPU.Build.0 = Release|Any CPU
		{21CE9545-F2E1-466C-823B-3AE45883A6B9}.Debug|Any CPU.ActiveCfg = Debug|Any CPU
		{21CE9545-F2E1-466C-823B-3AE45883A6B9}.Debug|Any CPU.Build.0 = Debug|Any CPU
		{21CE9545-F2E1-466C-823B-3AE45883A6B9}.Release|Any CPU.ActiveCfg = Release|Any CPU
		{21CE9545-F2E1-466C-823B-3AE45883A6B9}.Release|Any CPU.Build.0 = Release|Any CPU
		{16AA91A4-433B-4BE7-B286-DB6E29C9A07D}.Debug|Any CPU.ActiveCfg = Debug|Any CPU
		{16AA91A4-433B-4BE7-B286-DB6E29C9A07D}.Debug|Any CPU.Build.0 = Debug|Any CPU
		{16AA91A4-433B-4BE7-B286-DB6E29C9A07D}.Release|Any CPU.ActiveCfg = Release|Any CPU
		{16AA91A4-433B-4BE7-B286-DB6E29C9A07D}.Release|Any CPU.Build.0 = Release|Any CPU
		{8BF57EF2-D210-4D41-B353-94EFCDF7112C}.Debug|Any CPU.ActiveCfg = Debug|Any CPU
		{8BF57EF2-D210-4D41-B353-94EFCDF7112C}.Debug|Any CPU.Build.0 = Debug|Any CPU
		{8BF57EF2-D210-4D41-B353-94EFCDF7112C}.Release|Any CPU.ActiveCfg = Release|Any CPU
		{8BF57EF2-D210-4D41-B353-94EFCDF7112C}.Release|Any CPU.Build.0 = Release|Any CPU
		{3077D687-F71A-4200-9391-71042EC34543}.Debug|Any CPU.ActiveCfg = Debug|Any CPU
		{3077D687-F71A-4200-9391-71042EC34543}.Debug|Any CPU.Build.0 = Debug|Any CPU
		{3077D687-F71A-4200-9391-71042EC34543}.Release|Any CPU.ActiveCfg = Release|Any CPU
		{3077D687-F71A-4200-9391-71042EC34543}.Release|Any CPU.Build.0 = Release|Any CPU
		{327B1BD3-9E35-4455-844A-6BA7C8A3501B}.Debug|Any CPU.ActiveCfg = Debug|Any CPU
		{327B1BD3-9E35-4455-844A-6BA7C8A3501B}.Debug|Any CPU.Build.0 = Debug|Any CPU
		{327B1BD3-9E35-4455-844A-6BA7C8A3501B}.Release|Any CPU.ActiveCfg = Release|Any CPU
		{327B1BD3-9E35-4455-844A-6BA7C8A3501B}.Release|Any CPU.Build.0 = Release|Any CPU
		{675A167D-F9AD-4CD9-9A53-A3FDCA3C3BC3}.Debug|Any CPU.ActiveCfg = Debug|Any CPU
		{675A167D-F9AD-4CD9-9A53-A3FDCA3C3BC3}.Debug|Any CPU.Build.0 = Debug|Any CPU
		{675A167D-F9AD-4CD9-9A53-A3FDCA3C3BC3}.Release|Any CPU.ActiveCfg = Release|Any CPU
		{675A167D-F9AD-4CD9-9A53-A3FDCA3C3BC3}.Release|Any CPU.Build.0 = Release|Any CPU
	EndGlobalSection
	GlobalSection(SolutionProperties) = preSolution
		HideSolutionNode = FALSE
	EndGlobalSection
	GlobalSection(ExtensibilityGlobals) = postSolution
		SolutionGuid = {B955E9A0-9AA3-475D-9931-112D16F240F1}
	EndGlobalSection
EndGlobal
