
Microsoft Visual Studio Solution File, Format Version 12.00
# Visual Studio Version 16
VisualStudioVersion = 16.0.32413.511
MinimumVisualStudioVersion = 10.0.40219.1
Project("{FAE04EC0-301F-11D3-BF4B-00C04F79EFBC}") = "Learning Diary IK", "Learning Diary IK\Learning Diary IK.csproj", "{8D3524C1-442C-427B-82DC-C06A9358E8DF}"
EndProject
Global
	GlobalSection(SolutionConfigurationPlatforms) = preSolution
		Debug|Any CPU = Debug|Any CPU
		Release|Any CPU = Release|Any CPU
	EndGlobalSection
	GlobalSection(ProjectConfigurationPlatforms) = postSolution
		{8D3524C1-442C-427B-82DC-C06A9358E8DF}.Debug|Any CPU.ActiveCfg = Debug|Any CPU
		{8D3524C1-442C-427B-82DC-C06A9358E8DF}.Debug|Any CPU.Build.0 = Debug|Any CPU
		{8D3524C1-442C-427B-82DC-C06A9358E8DF}.Release|Any CPU.ActiveCfg = Release|Any CPU
		{8D3524C1-442C-427B-82DC-C06A9358E8DF}.Release|Any CPU.Build.0 = Release|Any CPU
	EndGlobalSection
	GlobalSection(SolutionProperties) = preSolution
		HideSolutionNode = FALSE
	EndGlobalSection
	GlobalSection(ExtensibilityGlobals) = postSolution
		SolutionGuid = {B955E9A0-9AA3-475D-9931-112D16F240F1}
	EndGlobalSection
EndGlobal
